
Microsoft Visual Studio Solution File, Format Version 12.00
# Visual Studio 15
VisualStudioVersion = 15.0.28307.271
MinimumVisualStudioVersion = 10.0.40219.1
Project("{FAE04EC0-301F-11D3-BF4B-00C04F79EFBC}") = "CsvReader", "CsvReader\CsvReader.csproj", "{3ECE8056-D0CC-4C43-B05C-642021E1CAE1}"
EndProject
Project("{FAE04EC0-301F-11D3-BF4B-00C04F79EFBC}") = "CsvToSqlParser", "CsvToSqlParser\CsvToSqlParser.csproj", "{557067DD-DC73-4C79-92B9-39AB197B9BE6}"
EndProject
Project("{FAE04EC0-301F-11D3-BF4B-00C04F79EFBC}") = "SQLLITEDatabaseLib", "SQLLITEDatabaseLib\SQLLITEDatabaseLib.csproj", "{8AB7E23E-C346-4AE0-AAF7-9515AA3334C8}"
EndProject
Project("{FAE04EC0-301F-11D3-BF4B-00C04F79EFBC}") = "ConsoleCsvReader", "ConsoleCsvReader\ConsoleCsvReader.csproj", "{37BC08D4-4E2B-4114-A1DB-3118C795A69B}"
EndProject
Global
	GlobalSection(SolutionConfigurationPlatforms) = preSolution
		Debug|Any CPU = Debug|Any CPU
		Release|Any CPU = Release|Any CPU
	EndGlobalSection
	GlobalSection(ProjectConfigurationPlatforms) = postSolution
		{3ECE8056-D0CC-4C43-B05C-642021E1CAE1}.Debug|Any CPU.ActiveCfg = Debug|x86
		{3ECE8056-D0CC-4C43-B05C-642021E1CAE1}.Debug|Any CPU.Build.0 = Debug|x86
		{3ECE8056-D0CC-4C43-B05C-642021E1CAE1}.Release|Any CPU.ActiveCfg = Release|Any CPU
		{3ECE8056-D0CC-4C43-B05C-642021E1CAE1}.Release|Any CPU.Build.0 = Release|Any CPU
		{557067DD-DC73-4C79-92B9-39AB197B9BE6}.Debug|Any CPU.ActiveCfg = Debug|x86
		{557067DD-DC73-4C79-92B9-39AB197B9BE6}.Debug|Any CPU.Build.0 = Debug|x86
		{557067DD-DC73-4C79-92B9-39AB197B9BE6}.Release|Any CPU.ActiveCfg = Release|Any CPU
		{557067DD-DC73-4C79-92B9-39AB197B9BE6}.Release|Any CPU.Build.0 = Release|Any CPU
		{8AB7E23E-C346-4AE0-AAF7-9515AA3334C8}.Debug|Any CPU.ActiveCfg = Debug|Any CPU
		{8AB7E23E-C346-4AE0-AAF7-9515AA3334C8}.Debug|Any CPU.Build.0 = Debug|Any CPU
		{8AB7E23E-C346-4AE0-AAF7-9515AA3334C8}.Release|Any CPU.ActiveCfg = Release|Any CPU
		{8AB7E23E-C346-4AE0-AAF7-9515AA3334C8}.Release|Any CPU.Build.0 = Release|Any CPU
		{37BC08D4-4E2B-4114-A1DB-3118C795A69B}.Debug|Any CPU.ActiveCfg = Debug|Any CPU
		{37BC08D4-4E2B-4114-A1DB-3118C795A69B}.Debug|Any CPU.Build.0 = Debug|Any CPU
		{37BC08D4-4E2B-4114-A1DB-3118C795A69B}.Release|Any CPU.ActiveCfg = Release|Any CPU
		{37BC08D4-4E2B-4114-A1DB-3118C795A69B}.Release|Any CPU.Build.0 = Release|Any CPU
	EndGlobalSection
	GlobalSection(SolutionProperties) = preSolution
		HideSolutionNode = FALSE
	EndGlobalSection
	GlobalSection(ExtensibilityGlobals) = postSolution
		SolutionGuid = {4594AF94-F247-4C3F-AB9C-C430171504C2}
	EndGlobalSection
EndGlobal
